
Microsoft Visual Studio Solution File, Format Version 12.00
# Visual Studio Version 16
VisualStudioVersion = 25.0.1705.0
MinimumVisualStudioVersion = 10.0.40219.1
Project("{FAE04EC0-301F-11D3-BF4B-00C04F79EFBC}") = "PickRandomCards", "PickRandomCards.csproj", "{6471CB6E-51E9-41CC-8B8E-BCC49C3FC3A4}"
EndProject
Global
	GlobalSection(SolutionConfigurationPlatforms) = preSolution
		Debug|Any CPU = Debug|Any CPU
		Release|Any CPU = Release|Any CPU
	EndGlobalSection
	GlobalSection(ProjectConfigurationPlatforms) = postSolution
		{6471CB6E-51E9-41CC-8B8E-BCC49C3FC3A4}.Debug|Any CPU.ActiveCfg = Debug|Any CPU
		{6471CB6E-51E9-41CC-8B8E-BCC49C3FC3A4}.Debug|Any CPU.Build.0 = Debug|Any CPU
		{6471CB6E-51E9-41CC-8B8E-BCC49C3FC3A4}.Release|Any CPU.ActiveCfg = Release|Any CPU
		{6471CB6E-51E9-41CC-8B8E-BCC49C3FC3A4}.Release|Any CPU.Build.0 = Release|Any CPU
	EndGlobalSection
	GlobalSection(SolutionProperties) = preSolution
		HideSolutionNode = FALSE
	EndGlobalSection
	GlobalSection(ExtensibilityGlobals) = postSolution
		SolutionGuid = {DBE09830-BD48-4179-958B-9D768E949B53}
	EndGlobalSection
EndGlobal
